<?xml version="1.0" encoding="utf-8"?>
<Project ToolsVersion="4.0" xmlns="http://schemas.microsoft.com/developer/msbuild/2003">
  <ItemGroup>
    <ClCompile Include="dll_load.cpp">
      <Filter>Source Files</Filter>
    </ClCompile>
    <ClCompile Include="stdafx.cpp">
      <Filter>Source Files</Filter>
    </ClCompile>
  </ItemGroup>
  <ItemGroup>
    <ClInclude Include="functions.h">
      <Filter>Header Files</Filter>
    </ClInclude>
    <ClInclude Include="HudElements.h">
      <Filter>Header Files</Filter>
    </ClInclude>
    <ClInclude Include="stdafx.h">
      <Filter>Header Files</Filter>
    </ClInclude>
    <ClInclude Include="structs.h">
      <Filter>Header Files</Filter>
    </ClInclude>
    <ClInclude Include="MenuFunctions.h">
      <Filter>Header Files</Filter>
    </ClInclude>
  </ItemGroup>
  <ItemGroup>
    <Filter Include="Header Files">
      <UniqueIdentifier>{7b692b0c-7ecc-4d21-8daa-d12bd5c49e13}</UniqueIdentifier>
    </Filter>
    <Filter Include="Source Files">
      <UniqueIdentifier>{df1a69dc-31f2-4472-8474-7b5818b25cba}</UniqueIdentifier>
    </Filter>
  </ItemGroup>
</Project>